
Microsoft Visual Studio Solution File, Format Version 12.00
# Visual Studio Version 17
VisualStudioVersion = 17.0.31903.59
MinimumVisualStudioVersion = 10.0.40219.1
Project("{2150E333-8FDC-42A3-9474-1A3956D46DE8}") = "src", "src", "{827E0CD3-B72D-47B6-A68D-7590B98EB39B}"
EndProject
Project("{FAE04EC0-301F-11D3-BF4B-00C04F79EFBC}") = "PoNovaWeight.Api", "src\PoNovaWeight.Api\PoNovaWeight.Api.csproj", "{F7B28A87-879A-4B93-9492-F28296C4099B}"
EndProject
Project("{FAE04EC0-301F-11D3-BF4B-00C04F79EFBC}") = "PoNovaWeight.Client", "src\PoNovaWeight.Client\PoNovaWeight.Client.csproj", "{C9EEAD3C-5976-42EE-ACA5-D76C4DBD45A5}"
EndProject
Project("{FAE04EC0-301F-11D3-BF4B-00C04F79EFBC}") = "PoNovaWeight.Shared", "src\PoNovaWeight.Shared\PoNovaWeight.Shared.csproj", "{99CB38B3-53DA-4F5E-BD83-A5BE5C14B323}"
EndProject
Project("{2150E333-8FDC-42A3-9474-1A3956D46DE8}") = "tests", "tests", "{0AB3BF05-4346-4AA6-1389-037BE0695223}"
EndProject
Project("{FAE04EC0-301F-11D3-BF4B-00C04F79EFBC}") = "PoNovaWeight.Api.Tests", "tests\PoNovaWeight.Api.Tests\PoNovaWeight.Api.Tests.csproj", "{9FB29728-D539-42BE-A2DA-58A888971894}"
EndProject
Project("{FAE04EC0-301F-11D3-BF4B-00C04F79EFBC}") = "PoNovaWeight.Client.Tests", "tests\PoNovaWeight.Client.Tests\PoNovaWeight.Client.Tests.csproj", "{8D3738F2-46E3-44BA-A7D8-BA38D2FD3F2D}"
EndProject
Project("{FAE04EC0-301F-11D3-BF4B-00C04F79EFBC}") = "PoNovaWeight.E2E", "tests\PoNovaWeight.E2E\PoNovaWeight.E2E.csproj", "{A783690E-A5B6-4680-B48F-B87C03BBDBC3}"
EndProject
Project("{FAE04EC0-301F-11D3-BF4B-00C04F79EFBC}") = "PoNovaWeight.AppHost", "src\PoNovaWeight.AppHost\PoNovaWeight.AppHost.csproj", "{B1E2C3D4-5F6A-7890-ABCD-EF1234567890}"
EndProject
Project("{FAE04EC0-301F-11D3-BF4B-00C04F79EFBC}") = "PoNovaWeight.ServiceDefaults", "src\PoNovaWeight.ServiceDefaults\PoNovaWeight.ServiceDefaults.csproj", "{C2D3E4F5-6A7B-8901-BCDE-F12345678901}"
EndProject
Global
	GlobalSection(SolutionConfigurationPlatforms) = preSolution
		Debug|Any CPU = Debug|Any CPU
		Debug|x64 = Debug|x64
		Debug|x86 = Debug|x86
		Release|Any CPU = Release|Any CPU
		Release|x64 = Release|x64
		Release|x86 = Release|x86
	EndGlobalSection
	GlobalSection(ProjectConfigurationPlatforms) = postSolution
		{F7B28A87-879A-4B93-9492-F28296C4099B}.Debug|Any CPU.ActiveCfg = Debug|Any CPU
		{F7B28A87-879A-4B93-9492-F28296C4099B}.Debug|Any CPU.Build.0 = Debug|Any CPU
		{F7B28A87-879A-4B93-9492-F28296C4099B}.Debug|x64.ActiveCfg = Debug|Any CPU
		{F7B28A87-879A-4B93-9492-F28296C4099B}.Debug|x64.Build.0 = Debug|Any CPU
		{F7B28A87-879A-4B93-9492-F28296C4099B}.Debug|x86.ActiveCfg = Debug|Any CPU
		{F7B28A87-879A-4B93-9492-F28296C4099B}.Debug|x86.Build.0 = Debug|Any CPU
		{F7B28A87-879A-4B93-9492-F28296C4099B}.Release|Any CPU.ActiveCfg = Release|Any CPU
		{F7B28A87-879A-4B93-9492-F28296C4099B}.Release|Any CPU.Build.0 = Release|Any CPU
		{F7B28A87-879A-4B93-9492-F28296C4099B}.Release|x64.ActiveCfg = Release|Any CPU
		{F7B28A87-879A-4B93-9492-F28296C4099B}.Release|x64.Build.0 = Release|Any CPU
		{F7B28A87-879A-4B93-9492-F28296C4099B}.Release|x86.ActiveCfg = Release|Any CPU
		{F7B28A87-879A-4B93-9492-F28296C4099B}.Release|x86.Build.0 = Release|Any CPU
		{C9EEAD3C-5976-42EE-ACA5-D76C4DBD45A5}.Debug|Any CPU.ActiveCfg = Debug|Any CPU
		{C9EEAD3C-5976-42EE-ACA5-D76C4DBD45A5}.Debug|Any CPU.Build.0 = Debug|Any CPU
		{C9EEAD3C-5976-42EE-ACA5-D76C4DBD45A5}.Debug|x64.ActiveCfg = Debug|Any CPU
		{C9EEAD3C-5976-42EE-ACA5-D76C4DBD45A5}.Debug|x64.Build.0 = Debug|Any CPU
		{C9EEAD3C-5976-42EE-ACA5-D76C4DBD45A5}.Debug|x86.ActiveCfg = Debug|Any CPU
		{C9EEAD3C-5976-42EE-ACA5-D76C4DBD45A5}.Debug|x86.Build.0 = Debug|Any CPU
		{C9EEAD3C-5976-42EE-ACA5-D76C4DBD45A5}.Release|Any CPU.ActiveCfg = Release|Any CPU
		{C9EEAD3C-5976-42EE-ACA5-D76C4DBD45A5}.Release|Any CPU.Build.0 = Release|Any CPU
		{C9EEAD3C-5976-42EE-ACA5-D76C4DBD45A5}.Release|x64.ActiveCfg = Release|Any CPU
		{C9EEAD3C-5976-42EE-ACA5-D76C4DBD45A5}.Release|x64.Build.0 = Release|Any CPU
		{C9EEAD3C-5976-42EE-ACA5-D76C4DBD45A5}.Release|x86.ActiveCfg = Release|Any CPU
		{C9EEAD3C-5976-42EE-ACA5-D76C4DBD45A5}.Release|x86.Build.0 = Release|Any CPU
		{99CB38B3-53DA-4F5E-BD83-A5BE5C14B323}.Debug|Any CPU.ActiveCfg = Debug|Any CPU
		{99CB38B3-53DA-4F5E-BD83-A5BE5C14B323}.Debug|Any CPU.Build.0 = Debug|Any CPU
		{99CB38B3-53DA-4F5E-BD83-A5BE5C14B323}.Debug|x64.ActiveCfg = Debug|Any CPU
		{99CB38B3-53DA-4F5E-BD83-A5BE5C14B323}.Debug|x64.Build.0 = Debug|Any CPU
		{99CB38B3-53DA-4F5E-BD83-A5BE5C14B323}.Debug|x86.ActiveCfg = Debug|Any CPU
		{99CB38B3-53DA-4F5E-BD83-A5BE5C14B323}.Debug|x86.Build.0 = Debug|Any CPU
		{99CB38B3-53DA-4F5E-BD83-A5BE5C14B323}.Release|Any CPU.ActiveCfg = Release|Any CPU
		{99CB38B3-53DA-4F5E-BD83-A5BE5C14B323}.Release|Any CPU.Build.0 = Release|Any CPU
		{99CB38B3-53DA-4F5E-BD83-A5BE5C14B323}.Release|x64.ActiveCfg = Release|Any CPU
		{99CB38B3-53DA-4F5E-BD83-A5BE5C14B323}.Release|x64.Build.0 = Release|Any CPU
		{99CB38B3-53DA-4F5E-BD83-A5BE5C14B323}.Release|x86.ActiveCfg = Release|Any CPU
		{99CB38B3-53DA-4F5E-BD83-A5BE5C14B323}.Release|x86.Build.0 = Release|Any CPU
		{9FB29728-D539-42BE-A2DA-58A888971894}.Debug|Any CPU.ActiveCfg = Debug|Any CPU
		{9FB29728-D539-42BE-A2DA-58A888971894}.Debug|Any CPU.Build.0 = Debug|Any CPU
		{9FB29728-D539-42BE-A2DA-58A888971894}.Debug|x64.ActiveCfg = Debug|Any CPU
		{9FB29728-D539-42BE-A2DA-58A888971894}.Debug|x64.Build.0 = Debug|Any CPU
		{9FB29728-D539-42BE-A2DA-58A888971894}.Debug|x86.ActiveCfg = Debug|Any CPU
		{9FB29728-D539-42BE-A2DA-58A888971894}.Debug|x86.Build.0 = Debug|Any CPU
		{9FB29728-D539-42BE-A2DA-58A888971894}.Release|Any CPU.ActiveCfg = Release|Any CPU
		{9FB29728-D539-42BE-A2DA-58A888971894}.Release|Any CPU.Build.0 = Release|Any CPU
		{9FB29728-D539-42BE-A2DA-58A888971894}.Release|x64.ActiveCfg = Release|Any CPU
		{9FB29728-D539-42BE-A2DA-58A888971894}.Release|x64.Build.0 = Release|Any CPU
		{9FB29728-D539-42BE-A2DA-58A888971894}.Release|x86.ActiveCfg = Release|Any CPU
		{9FB29728-D539-42BE-A2DA-58A888971894}.Release|x86.Build.0 = Release|Any CPU
		{8D3738F2-46E3-44BA-A7D8-BA38D2FD3F2D}.Debug|Any CPU.ActiveCfg = Debug|Any CPU
		{8D3738F2-46E3-44BA-A7D8-BA38D2FD3F2D}.Debug|Any CPU.Build.0 = Debug|Any CPU
		{8D3738F2-46E3-44BA-A7D8-BA38D2FD3F2D}.Debug|x64.ActiveCfg = Debug|Any CPU
		{8D3738F2-46E3-44BA-A7D8-BA38D2FD3F2D}.Debug|x64.Build.0 = Debug|Any CPU
		{8D3738F2-46E3-44BA-A7D8-BA38D2FD3F2D}.Debug|x86.ActiveCfg = Debug|Any CPU
		{8D3738F2-46E3-44BA-A7D8-BA38D2FD3F2D}.Debug|x86.Build.0 = Debug|Any CPU
		{8D3738F2-46E3-44BA-A7D8-BA38D2FD3F2D}.Release|Any CPU.ActiveCfg = Release|Any CPU
		{8D3738F2-46E3-44BA-A7D8-BA38D2FD3F2D}.Release|Any CPU.Build.0 = Release|Any CPU
		{8D3738F2-46E3-44BA-A7D8-BA38D2FD3F2D}.Release|x64.ActiveCfg = Release|Any CPU
		{8D3738F2-46E3-44BA-A7D8-BA38D2FD3F2D}.Release|x64.Build.0 = Release|Any CPU
		{8D3738F2-46E3-44BA-A7D8-BA38D2FD3F2D}.Release|x86.ActiveCfg = Release|Any CPU
		{8D3738F2-46E3-44BA-A7D8-BA38D2FD3F2D}.Release|x86.Build.0 = Release|Any CPU
		{A783690E-A5B6-4680-B48F-B87C03BBDBC3}.Debug|Any CPU.ActiveCfg = Debug|Any CPU
		{A783690E-A5B6-4680-B48F-B87C03BBDBC3}.Debug|Any CPU.Build.0 = Debug|Any CPU
		{A783690E-A5B6-4680-B48F-B87C03BBDBC3}.Debug|x64.ActiveCfg = Debug|Any CPU
		{A783690E-A5B6-4680-B48F-B87C03BBDBC3}.Debug|x64.Build.0 = Debug|Any CPU
		{A783690E-A5B6-4680-B48F-B87C03BBDBC3}.Debug|x86.ActiveCfg = Debug|Any CPU
		{A783690E-A5B6-4680-B48F-B87C03BBDBC3}.Debug|x86.Build.0 = Debug|Any CPU
		{A783690E-A5B6-4680-B48F-B87C03BBDBC3}.Release|Any CPU.ActiveCfg = Release|Any CPU
		{A783690E-A5B6-4680-B48F-B87C03BBDBC3}.Release|Any CPU.Build.0 = Release|Any CPU
		{A783690E-A5B6-4680-B48F-B87C03BBDBC3}.Release|x64.ActiveCfg = Release|Any CPU
		{A783690E-A5B6-4680-B48F-B87C03BBDBC3}.Release|x64.Build.0 = Release|Any CPU
		{A783690E-A5B6-4680-B48F-B87C03BBDBC3}.Release|x86.ActiveCfg = Release|Any CPU
		{A783690E-A5B6-4680-B48F-B87C03BBDBC3}.Release|x86.Build.0 = Release|Any CPU
		{B1E2C3D4-5F6A-7890-ABCD-EF1234567890}.Debug|Any CPU.ActiveCfg = Debug|Any CPU
		{B1E2C3D4-5F6A-7890-ABCD-EF1234567890}.Debug|Any CPU.Build.0 = Debug|Any CPU
		{B1E2C3D4-5F6A-7890-ABCD-EF1234567890}.Debug|x64.ActiveCfg = Debug|Any CPU
		{B1E2C3D4-5F6A-7890-ABCD-EF1234567890}.Debug|x64.Build.0 = Debug|Any CPU
		{B1E2C3D4-5F6A-7890-ABCD-EF1234567890}.Debug|x86.ActiveCfg = Debug|Any CPU
		{B1E2C3D4-5F6A-7890-ABCD-EF1234567890}.Debug|x86.Build.0 = Debug|Any CPU
		{B1E2C3D4-5F6A-7890-ABCD-EF1234567890}.Release|Any CPU.ActiveCfg = Release|Any CPU
		{B1E2C3D4-5F6A-7890-ABCD-EF1234567890}.Release|Any CPU.Build.0 = Release|Any CPU
		{B1E2C3D4-5F6A-7890-ABCD-EF1234567890}.Release|x64.ActiveCfg = Release|Any CPU
		{B1E2C3D4-5F6A-7890-ABCD-EF1234567890}.Release|x64.Build.0 = Release|Any CPU
		{B1E2C3D4-5F6A-7890-ABCD-EF1234567890}.Release|x86.ActiveCfg = Release|Any CPU
		{B1E2C3D4-5F6A-7890-ABCD-EF1234567890}.Release|x86.Build.0 = Release|Any CPU
		{C2D3E4F5-6A7B-8901-BCDE-F12345678901}.Debug|Any CPU.ActiveCfg = Debug|Any CPU
		{C2D3E4F5-6A7B-8901-BCDE-F12345678901}.Debug|Any CPU.Build.0 = Debug|Any CPU
		{C2D3E4F5-6A7B-8901-BCDE-F12345678901}.Debug|x64.ActiveCfg = Debug|Any CPU
		{C2D3E4F5-6A7B-8901-BCDE-F12345678901}.Debug|x64.Build.0 = Debug|Any CPU
		{C2D3E4F5-6A7B-8901-BCDE-F12345678901}.Debug|x86.ActiveCfg = Debug|Any CPU
		{C2D3E4F5-6A7B-8901-BCDE-F12345678901}.Debug|x86.Build.0 = Debug|Any CPU
		{C2D3E4F5-6A7B-8901-BCDE-F12345678901}.Release|Any CPU.ActiveCfg = Release|Any CPU
		{C2D3E4F5-6A7B-8901-BCDE-F12345678901}.Release|Any CPU.Build.0 = Release|Any CPU
		{C2D3E4F5-6A7B-8901-BCDE-F12345678901}.Release|x64.ActiveCfg = Release|Any CPU
		{C2D3E4F5-6A7B-8901-BCDE-F12345678901}.Release|x64.Build.0 = Release|Any CPU
		{C2D3E4F5-6A7B-8901-BCDE-F12345678901}.Release|x86.ActiveCfg = Release|Any CPU
		{C2D3E4F5-6A7B-8901-BCDE-F12345678901}.Release|x86.Build.0 = Release|Any CPU
	EndGlobalSection
	GlobalSection(SolutionProperties) = preSolution
		HideSolutionNode = FALSE
	EndGlobalSection
	GlobalSection(NestedProjects) = preSolution
		{F7B28A87-879A-4B93-9492-F28296C4099B} = {827E0CD3-B72D-47B6-A68D-7590B98EB39B}
		{C9EEAD3C-5976-42EE-ACA5-D76C4DBD45A5} = {827E0CD3-B72D-47B6-A68D-7590B98EB39B}
		{99CB38B3-53DA-4F5E-BD83-A5BE5C14B323} = {827E0CD3-B72D-47B6-A68D-7590B98EB39B}
		{9FB29728-D539-42BE-A2DA-58A888971894} = {0AB3BF05-4346-4AA6-1389-037BE0695223}
		{8D3738F2-46E3-44BA-A7D8-BA38D2FD3F2D} = {0AB3BF05-4346-4AA6-1389-037BE0695223}
		{A783690E-A5B6-4680-B48F-B87C03BBDBC3} = {0AB3BF05-4346-4AA6-1389-037BE0695223}
		{B1E2C3D4-5F6A-7890-ABCD-EF1234567890} = {827E0CD3-B72D-47B6-A68D-7590B98EB39B}
		{C2D3E4F5-6A7B-8901-BCDE-F12345678901} = {827E0CD3-B72D-47B6-A68D-7590B98EB39B}
	EndGlobalSection
EndGlobal
